// !$*UTF8*$!
{
	archiveVersion = 1;
	classes = {
	};
	objectVersion = 52;
	objects = {

/* Begin PBXBuildFile section */
		9D02585325E0F8500011037E /* Alamofire in Frameworks */ = {isa = PBXBuildFile; productRef = 9D02585225E0F8500011037E /* Alamofire */; };
		9D02585725E0FD940011037E /* SnapKit in Frameworks */ = {isa = PBXBuildFile; productRef = 9D02585625E0FD940011037E /* SnapKit */; };
		9DE75B3225E11B3300807E42 /* CustomCell.swift in Sources */ = {isa = PBXBuildFile; fileRef = 9DE75B3125E11B3300807E42 /* CustomCell.swift */; };
		9DE75B3625E11F8000807E42 /* APIResponse.swift in Sources */ = {isa = PBXBuildFile; fileRef = 9DE75B3525E11F8000807E42 /* APIResponse.swift */; };
		9DFC127725E0F08B000EF829 /* AppDelegate.swift in Sources */ = {isa = PBXBuildFile; fileRef = 9DFC127625E0F08B000EF829 /* AppDelegate.swift */; };
		9DFC127925E0F08B000EF829 /* SceneDelegate.swift in Sources */ = {isa = PBXBuildFile; fileRef = 9DFC127825E0F08B000EF829 /* SceneDelegate.swift */; };
		9DFC127B25E0F08B000EF829 /* ViewController.swift in Sources */ = {isa = PBXBuildFile; fileRef = 9DFC127A25E0F08B000EF829 /* ViewController.swift */; };
		9DFC127E25E0F08B000EF829 /* Main.storyboard in Resources */ = {isa = PBXBuildFile; fileRef = 9DFC127C25E0F08B000EF829 /* Main.storyboard */; };
		9DFC128025E0F08B000EF829 /* Assets.xcassets in Resources */ = {isa = PBXBuildFile; fileRef = 9DFC127F25E0F08B000EF829 /* Assets.xcassets */; };
		9DFC128325E0F08B000EF829 /* LaunchScreen.storyboard in Resources */ = {isa = PBXBuildFile; fileRef = 9DFC128125E0F08B000EF829 /* LaunchScreen.storyboard */; };
/* End PBXBuildFile section */

/* Begin PBXFileReference section */
		9DE75B3125E11B3300807E42 /* CustomCell.swift */ = {isa = PBXFileReference; lastKnownFileType = sourcecode.swift; path = CustomCell.swift; sourceTree = "<group>"; };
		9DE75B3525E11F8000807E42 /* APIResponse.swift */ = {isa = PBXFileReference; lastKnownFileType = sourcecode.swift; path = APIResponse.swift; sourceTree = "<group>"; };
		9DFC127325E0F08B000EF829 /* AlamofireTest.app */ = {isa = PBXFileReference; explicitFileType = wrapper.application; includeInIndex = 0; path = AlamofireTest.app; sourceTree = BUILT_PRODUCTS_DIR; };
		9DFC127625E0F08B000EF829 /* AppDelegate.swift */ = {isa = PBXFileReference; lastKnownFileType = sourcecode.swift; path = AppDelegate.swift; sourceTree = "<group>"; };
		9DFC127825E0F08B000EF829 /* SceneDelegate.swift */ = {isa = PBXFileReference; lastKnownFileType = sourcecode.swift; path = SceneDelegate.swift; sourceTree = "<group>"; };
		9DFC127A25E0F08B000EF829 /* ViewController.swift */ = {isa = PBXFileReference; lastKnownFileType = sourcecode.swift; path = ViewController.swift; sourceTree = "<group>"; };
		9DFC127D25E0F08B000EF829 /* Base */ = {isa = PBXFileReference; lastKnownFileType = file.storyboard; name = Base; path = Base.lproj/Main.storyboard; sourceTree = "<group>"; };
		9DFC127F25E0F08B000EF829 /* Assets.xcassets */ = {isa = PBXFileReference; lastKnownFileType = folder.assetcatalog; path = Assets.xcassets; sourceTree = "<group>"; };
		9DFC128225E0F08B000EF829 /* Base */ = {isa = PBXFileReference; lastKnownFileType = file.storyboard; name = Base; path = Base.lproj/LaunchScreen.storyboard; sourceTree = "<group>"; };
		9DFC128425E0F08B000EF829 /* Info.plist */ = {isa = PBXFileReference; lastKnownFileType = text.plist.xml; path = Info.plist; sourceTree = "<group>"; };
/* End PBXFileReference section */

/* Begin PBXFrameworksBuildPhase section */
		9DFC127025E0F08B000EF829 /* Frameworks */ = {
			isa = PBXFrameworksBuildPhase;
			buildActionMask = 2147483647;
			files = (
				9D02585325E0F8500011037E /* Alamofire in Frameworks */,
				9D02585725E0FD940011037E /* SnapKit in Frameworks */,
			);
			runOnlyForDeploymentPostprocessing = 0;
		};
/* End PBXFrameworksBuildPhase section */

/* Begin PBXGroup section */
		9DFC126A25E0F08B000EF829 = {
			isa = PBXGroup;
			children = (
				9DFC127525E0F08B000EF829 /* AlamofireTest */,
				9DFC127425E0F08B000EF829 /* Products */,
			);
			sourceTree = "<group>";
		};
		9DFC127425E0F08B000EF829 /* Products */ = {
			isa = PBXGroup;
			children = (
				9DFC127325E0F08B000EF829 /* AlamofireTest.app */,
			);
			name = Products;
			sourceTree = "<group>";
		};
		9DFC127525E0F08B000EF829 /* AlamofireTest */ = {
			isa = PBXGroup;
			children = (
				9DFC127625E0F08B000EF829 /* AppDelegate.swift */,
				9DFC127825E0F08B000EF829 /* SceneDelegate.swift */,
				9DFC127A25E0F08B000EF829 /* ViewController.swift */,
				9DE75B3125E11B3300807E42 /* CustomCell.swift */,
				9DE75B3525E11F8000807E42 /* APIResponse.swift */,
				9DFC127C25E0F08B000EF829 /* Main.storyboard */,
				9DFC127F25E0F08B000EF829 /* Assets.xcassets */,
				9DFC128125E0F08B000EF829 /* LaunchScreen.storyboard */,
				9DFC128425E0F08B000EF829 /* Info.plist */,
			);
			path = AlamofireTest;
			sourceTree = "<group>";
		};
/* End PBXGroup section */

/* Begin PBXNativeTarget section */
		9DFC127225E0F08B000EF829 /* AlamofireTest */ = {
			isa = PBXNativeTarget;
			buildConfigurationList = 9DFC128725E0F08B000EF829 /* Build configuration list for PBXNativeTarget "AlamofireTest" */;
			buildPhases = (
				9DFC126F25E0F08B000EF829 /* Sources */,
				9DFC127025E0F08B000EF829 /* Frameworks */,
				9DFC127125E0F08B000EF829 /* Resources */,
			);
			buildRules = (
			);
			dependencies = (
			);
			name = AlamofireTest;
			packageProductDependencies = (
				9D02585225E0F8500011037E /* Alamofire */,
				9D02585625E0FD940011037E /* SnapKit */,
			);
			productName = AlamofireTest;
			productReference = 9DFC127325E0F08B000EF829 /* AlamofireTest.app */;
			productType = "com.apple.product-type.application";
		};
/* End PBXNativeTarget section */

/* Begin PBXProject section */
		9DFC126B25E0F08B000EF829 /* Project object */ = {
			isa = PBXProject;
			attributes = {
				LastSwiftUpdateCheck = 1240;
				LastUpgradeCheck = 1240;
				TargetAttributes = {
					9DFC127225E0F08B000EF829 = {
						CreatedOnToolsVersion = 12.4;
					};
				};
			};
			buildConfigurationList = 9DFC126E25E0F08B000EF829 /* Build configuration list for PBXProject "AlamofireTest" */;
			compatibilityVersion = "Xcode 9.3";
			developmentRegion = en;
			hasScannedForEncodings = 0;
			knownRegions = (
				en,
				Base,
			);
			mainGroup = 9DFC126A25E0F08B000EF829;
			packageReferences = (
				9D02585125E0F8500011037E /* XCRemoteSwiftPackageReference "Alamofire" */,
				9D02585525E0FD940011037E /* XCRemoteSwiftPackageReference "SnapKit" */,
			);
			productRefGroup = 9DFC127425E0F08B000EF829 /* Products */;
			projectDirPath = "";
			projectRoot = "";
			targets = (
				9DFC127225E0F08B000EF829 /* AlamofireTest */,
			);
		};
/* End PBXProject section */

/* Begin PBXResourcesBuildPhase section */
		9DFC127125E0F08B000EF829 /* Resources */ = {
			isa = PBXResourcesBuildPhase;
			buildActionMask = 2147483647;
			files = (
				9DFC128325E0F08B000EF829 /* LaunchScreen.storyboard in Resources */,
				9DFC128025E0F08B000EF829 /* Assets.xcassets in Resources */,
				9DFC127E25E0F08B000EF829 /* Main.storyboard in Resources */,
			);
			runOnlyForDeploymentPostprocessing = 0;
		};
/* End PBXResourcesBuildPhase section */

/* Begin PBXSourcesBuildPhase section */
		9DFC126F25E0F08B000EF829 /* Sources */ = {
			isa = PBXSourcesBuildPhase;
			buildActionMask = 2147483647;
			files = (
				9DFC127B25E0F08B000EF829 /* ViewController.swift in Sources */,
				9DFC127725E0F08B000EF829 /* AppDelegate.swift in Sources */,
				9DE75B3225E11B3300807E42 /* CustomCell.swift in Sources */,
				9DE75B3625E11F8000807E42 /* APIResponse.swift in Sources */,
				9DFC127925E0F08B000EF829 /* SceneDelegate.swift in Sources */,
			);
			runOnlyForDeploymentPostprocessing = 0;
		};
/* End PBXSourcesBuildPhase section */

/* Begin PBXVariantGroup section */
		9DFC127C25E0F08B000EF829 /* Main.storyboard */ = {
			isa = PBXVariantGroup;
			children = (
				9DFC127D25E0F08B000EF829 /* Base */,
			);
			name = Main.storyboard;
			sourceTree = "<group>";
		};
		9DFC128125E0F08B000EF829 /* LaunchScreen.storyboard */ = {
			isa = PBXVariantGroup;
			children = (
				9DFC128225E0F08B000EF829 /* Base */,
			);
			name = LaunchScreen.storyboard;
			sourceTree = "<group>";
		};
/* End PBXVariantGroup section */

/* Begin XCBuildConfiguration section */
		9DFC128525E0F08B000EF829 /* Debug */ = {
			isa = XCBuildConfiguration;
			buildSettings = {
				ALWAYS_SEARCH_USER_PATHS = NO;
				CLANG_ANALYZER_NONNULL = YES;
				CLANG_ANALYZER_NUMBER_OBJECT_CONVERSION = YES_AGGRESSIVE;
				CLANG_CXX_LANGUAGE_STANDARD = "gnu++14";
				CLANG_CXX_LIBRARY = "libc++";
				CLANG_ENABLE_MODULES = YES;
				CLANG_ENABLE_OBJC_ARC = YES;
				CLANG_ENABLE_OBJC_WEAK = YES;
				CLANG_WARN_BLOCK_CAPTURE_AUTORELEASING = YES;
				CLANG_WARN_BOOL_CONVERSION = YES;
				CLANG_WARN_COMMA = YES;
				CLANG_WARN_CONSTANT_CONVERSION = YES;
				CLANG_WARN_DEPRECATED_OBJC_IMPLEMENTATIONS = YES;
				CLANG_WARN_DIRECT_OBJC_ISA_USAGE = YES_ERROR;
				CLANG_WARN_DOCUMENTATION_COMMENTS = YES;
				CLANG_WARN_EMPTY_BODY = YES;
				CLANG_WARN_ENUM_CONVERSION = YES;
				CLANG_WARN_INFINITE_RECURSION = YES;
				CLANG_WARN_INT_CONVERSION = YES;
				CLANG_WARN_NON_LITERAL_NULL_CONVERSION = YES;
				CLANG_WARN_OBJC_IMPLICIT_RETAIN_SELF = YES;
				CLANG_WARN_OBJC_LITERAL_CONVERSION = YES;
				CLANG_WARN_OBJC_ROOT_CLASS = YES_ERROR;
				CLANG_WARN_QUOTED_INCLUDE_IN_FRAMEWORK_HEADER = YES;
				CLANG_WARN_RANGE_LOOP_ANALYSIS = YES;
				CLANG_WARN_STRICT_PROTOTYPES = YES;
				CLANG_WARN_SUSPICIOUS_MOVE = YES;
				CLANG_WARN_UNGUARDED_AVAILABILITY = YES_AGGRESSIVE;
				CLANG_WARN_UNREACHABLE_CODE = YES;
				CLANG_WARN__DUPLICATE_METHOD_MATCH = YES;
				COPY_PHASE_STRIP = NO;
				DEBUG_INFORMATION_FORMAT = dwarf;
				ENABLE_STRICT_OBJC_MSGSEND = YES;
				ENABLE_TESTABILITY = YES;
				GCC_C_LANGUAGE_STANDARD = gnu11;
				GCC_DYNAMIC_NO_PIC = NO;
				GCC_NO_COMMON_BLOCKS = YES;
				GCC_OPTIMIZATION_LEVEL = 0;
				GCC_PREPROCESSOR_DEFINITIONS = (
					"DEBUG=1",
					"$(inherited)",
				);
				GCC_WARN_64_TO_32_BIT_CONVERSION = YES;
				GCC_WARN_ABOUT_RETURN_TYPE = YES_ERROR;
				GCC_WARN_UNDECLARED_SELECTOR = YES;
				GCC_WARN_UNINITIALIZED_AUTOS = YES_AGGRESSIVE;
				GCC_WARN_UNUSED_FUNCTION = YES;
				GCC_WARN_UNUSED_VARIABLE = YES;
				IPHONEOS_DEPLOYMENT_TARGET = 13.0;
				MTL_ENABLE_DEBUG_INFO = INCLUDE_SOURCE;
				MTL_FAST_MATH = YES;
				ONLY_ACTIVE_ARCH = YES;
				SDKROOT = iphoneos;
				SWIFT_ACTIVE_COMPILATION_CONDITIONS = DEBUG;
				SWIFT_OPTIMIZATION_LEVEL = "-Onone";
			};
			name = Debug;
		};
		9DFC128625E0F08B000EF829 /* Release */ = {
			isa = XCBuildConfiguration;
			buildSettings = {
				ALWAYS_SEARCH_USER_PATHS = NO;
				CLANG_ANALYZER_NONNULL = YES;
				CLANG_ANALYZER_NUMBER_OBJECT_CONVERSION = YES_AGGRESSIVE;
				CLANG_CXX_LANGUAGE_STANDARD = "gnu++14";
				CLANG_CXX_LIBRARY = "libc++";
				CLANG_ENABLE_MODULES = YES;
				CLANG_ENABLE_OBJC_ARC = YES;
				CLANG_ENABLE_OBJC_WEAK = YES;
				CLANG_WARN_BLOCK_CAPTURE_AUTORELEASING = YES;
				CLANG_WARN_BOOL_CONVERSION = YES;
				CLANG_WARN_COMMA = YES;
				CLANG_WARN_CONSTANT_CONVERSION = YES;
				CLANG_WARN_DEPRECATED_OBJC_IMPLEMENTATIONS = YES;
				CLANG_WARN_DIRECT_OBJC_ISA_USAGE = YES_ERROR;
				CLANG_WARN_DOCUMENTATION_COMMENTS = YES;
				CLANG_WARN_EMPTY_BODY = YES;
				CLANG_WARN_ENUM_CONVERSION = YES;
				CLANG_WARN_INFINITE_RECURSION = YES;
				CLANG_WARN_INT_CONVERSION = YES;
				CLANG_WARN_NON_LITERAL_NULL_CONVERSION = YES;
				CLANG_WARN_OBJC_IMPLICIT_RETAIN_SELF = YES;
				CLANG_WARN_OBJC_LITERAL_CONVERSION = YES;
				CLANG_WARN_OBJC_ROOT_CLASS = YES_ERROR;
				CLANG_WARN_QUOTED_INCLUDE_IN_FRAMEWORK_HEADER = YES;
				CLANG_WARN_RANGE_LOOP_ANALYSIS = YES;
				CLANG_WARN_STRICT_PROTOTYPES = YES;
				CLANG_WARN_SUSPICIOUS_MOVE = YES;
				CLANG_WARN_UNGUARDED_AVAILABILITY = YES_AGGRESSIVE;
				CLANG_WARN_UNREACHABLE_CODE = YES;
				CLANG_WARN__DUPLICATE_METHOD_MATCH = YES;
				COPY_PHASE_STRIP = NO;
				DEBUG_INFORMATION_FORMAT = "dwarf-with-dsym";
				ENABLE_NS_ASSERTIONS = NO;
				ENABLE_STRICT_OBJC_MSGSEND = YES;
				GCC_C_LANGUAGE_STANDARD = gnu11;
				GCC_NO_COMMON_BLOCKS = YES;
				GCC_WARN_64_TO_32_BIT_CONVERSION = YES;
				GCC_WARN_ABOUT_RETURN_TYPE = YES_ERROR;
				GCC_WARN_UNDECLARED_SELECTOR = YES;
				GCC_WARN_UNINITIALIZED_AUTOS = YES_AGGRESSIVE;
				GCC_WARN_UNUSED_FUNCTION = YES;
				GCC_WARN_UNUSED_VARIABLE = YES;
				IPHONEOS_DEPLOYMENT_TARGET = 13.0;
				MTL_ENABLE_DEBUG_INFO = NO;
				MTL_FAST_MATH = YES;
				SDKROOT = iphoneos;
				SWIFT_COMPILATION_MODE = wholemodule;
				SWIFT_OPTIMIZATION_LEVEL = "-O";
				VALIDATE_PRODUCT = YES;
			};
			name = Release;
		};
		9DFC128825E0F08B000EF829 /* Debug */ = {
			isa = XCBuildConfiguration;
			buildSettings = {
				ASSETCATALOG_COMPILER_APPICON_NAME = AppIcon;
				ASSETCATALOG_COMPILER_GLOBAL_ACCENT_COLOR_NAME = AccentColor;
				CODE_SIGN_STYLE = Automatic;
				INFOPLIST_FILE = AlamofireTest/Info.plist;
				LD_RUNPATH_SEARCH_PATHS = (
					"$(inherited)",
					"@executable_path/Frameworks",
				);
				PRODUCT_BUNDLE_IDENTIFIER = co.kr.CWS.AlamofireTest;
				PRODUCT_NAME = "$(TARGET_NAME)";
				SWIFT_VERSION = 5.0;
				TARGETED_DEVICE_FAMILY = "1,2";
			};
			name = Debug;
		};
		9DFC128925E0F08B000EF829 /* Release */ = {
			isa = XCBuildConfiguration;
			buildSettings = {
				ASSETCATALOG_COMPILER_APPICON_NAME = AppIcon;
				ASSETCATALOG_COMPILER_GLOBAL_ACCENT_COLOR_NAME = AccentColor;
				CODE_SIGN_STYLE = Automatic;
				INFOPLIST_FILE = AlamofireTest/Info.plist;
				LD_RUNPATH_SEARCH_PATHS = (
					"$(inherited)",
					"@executable_path/Frameworks",
				);
				PRODUCT_BUNDLE_IDENTIFIER = co.kr.CWS.AlamofireTest;
				PRODUCT_NAME = "$(TARGET_NAME)";
				SWIFT_VERSION = 5.0;
				TARGETED_DEVICE_FAMILY = "1,2";
			};
			name = Release;
		};
/* End XCBuildConfiguration section */

/* Begin XCConfigurationList section */
		9DFC126E25E0F08B000EF829 /* Build configuration list for PBXProject "AlamofireTest" */ = {
			isa = XCConfigurationList;
			buildConfigurations = (
				9DFC128525E0F08B000EF829 /* Debug */,
				9DFC128625E0F08B000EF829 /* Release */,
			);
			defaultConfigurationIsVisible = 0;
			defaultConfigurationName = Release;
		};
		9DFC128725E0F08B000EF829 /* Build configuration list for PBXNativeTarget "AlamofireTest" */ = {
			isa = XCConfigurationList;
			buildConfigurations = (
				9DFC128825E0F08B000EF829 /* Debug */,
				9DFC128925E0F08B000EF829 /* Release */,
			);
			defaultConfigurationIsVisible = 0;
			defaultConfigurationName = Release;
		};
/* End XCConfigurationList section */

/* Begin XCRemoteSwiftPackageReference section */
		9D02585125E0F8500011037E /* XCRemoteSwiftPackageReference "Alamofire" */ = {
			isa = XCRemoteSwiftPackageReference;
			repositoryURL = "https://github.com/Alamofire/Alamofire.git";
			requirement = {
				kind = upToNextMajorVersion;
				minimumVersion = 5.4.1;
			};
		};
		9D02585525E0FD940011037E /* XCRemoteSwiftPackageReference "SnapKit" */ = {
			isa = XCRemoteSwiftPackageReference;
			repositoryURL = "https://github.com/SnapKit/SnapKit.git";
			requirement = {
				kind = upToNextMajorVersion;
				minimumVersion = 5.0.1;
			};
		};
/* End XCRemoteSwiftPackageReference section */

/* Begin XCSwiftPackageProductDependency section */
		9D02585225E0F8500011037E /* Alamofire */ = {
			isa = XCSwiftPackageProductDependency;
			package = 9D02585125E0F8500011037E /* XCRemoteSwiftPackageReference "Alamofire" */;
			productName = Alamofire;
		};
		9D02585625E0FD940011037E /* SnapKit */ = {
			isa = XCSwiftPackageProductDependency;
			package = 9D02585525E0FD940011037E /* XCRemoteSwiftPackageReference "SnapKit" */;
			productName = SnapKit;
		};
/* End XCSwiftPackageProductDependency section */
	};
	rootObject = 9DFC126B25E0F08B000EF829 /* Project object */;
}
